
Microsoft Visual Studio Solution File, Format Version 12.00
# Visual Studio 2013
VisualStudioVersion = 12.0.31101.0
MinimumVisualStudioVersion = 10.0.40219.1
Project("{FAE04EC0-301F-11D3-BF4B-00C04F79EFBC}") = "Worm20.Web", "Worm20.Web\Worm20.Web.csproj", "{159DE746-1A9F-4D7C-A6EB-DAC18EE2DDF6}"
EndProject
Project("{FAE04EC0-301F-11D3-BF4B-00C04F79EFBC}") = "Worm20.Web.Tests", "Worm20.Web.Tests\Worm20.Web.Tests.csproj", "{FC99750D-DF3B-476F-A1CA-9880F22A0AED}"
EndProject
Project("{FAE04EC0-301F-11D3-BF4B-00C04F79EFBC}") = "DataAccess", "DataAccess\DataAccess.csproj", "{94D8A6DB-2BD5-4AE1-AA67-556E18DAAAA7}"
EndProject
Project("{FAE04EC0-301F-11D3-BF4B-00C04F79EFBC}") = "UIConsole", "UIConsole\UIConsole.csproj", "{D14AFB9D-3E1A-44B7-B481-B0C2123961A3}"
EndProject
Global
	GlobalSection(SolutionConfigurationPlatforms) = preSolution
		Debug|Any CPU = Debug|Any CPU
		Release|Any CPU = Release|Any CPU
	EndGlobalSection
	GlobalSection(ProjectConfigurationPlatforms) = postSolution
		{159DE746-1A9F-4D7C-A6EB-DAC18EE2DDF6}.Debug|Any CPU.ActiveCfg = Debug|Any CPU
		{159DE746-1A9F-4D7C-A6EB-DAC18EE2DDF6}.Debug|Any CPU.Build.0 = Debug|Any CPU
		{159DE746-1A9F-4D7C-A6EB-DAC18EE2DDF6}.Release|Any CPU.ActiveCfg = Release|Any CPU
		{159DE746-1A9F-4D7C-A6EB-DAC18EE2DDF6}.Release|Any CPU.Build.0 = Release|Any CPU
		{FC99750D-DF3B-476F-A1CA-9880F22A0AED}.Debug|Any CPU.ActiveCfg = Debug|Any CPU
		{FC99750D-DF3B-476F-A1CA-9880F22A0AED}.Debug|Any CPU.Build.0 = Debug|Any CPU
		{FC99750D-DF3B-476F-A1CA-9880F22A0AED}.Release|Any CPU.ActiveCfg = Release|Any CPU
		{FC99750D-DF3B-476F-A1CA-9880F22A0AED}.Release|Any CPU.Build.0 = Release|Any CPU
		{94D8A6DB-2BD5-4AE1-AA67-556E18DAAAA7}.Debug|Any CPU.ActiveCfg = Debug|Any CPU
		{94D8A6DB-2BD5-4AE1-AA67-556E18DAAAA7}.Debug|Any CPU.Build.0 = Debug|Any CPU
		{94D8A6DB-2BD5-4AE1-AA67-556E18DAAAA7}.Release|Any CPU.ActiveCfg = Release|Any CPU
		{94D8A6DB-2BD5-4AE1-AA67-556E18DAAAA7}.Release|Any CPU.Build.0 = Release|Any CPU
		{D14AFB9D-3E1A-44B7-B481-B0C2123961A3}.Debug|Any CPU.ActiveCfg = Debug|Any CPU
		{D14AFB9D-3E1A-44B7-B481-B0C2123961A3}.Debug|Any CPU.Build.0 = Debug|Any CPU
		{D14AFB9D-3E1A-44B7-B481-B0C2123961A3}.Release|Any CPU.ActiveCfg = Release|Any CPU
		{D14AFB9D-3E1A-44B7-B481-B0C2123961A3}.Release|Any CPU.Build.0 = Release|Any CPU
	EndGlobalSection
	GlobalSection(SolutionProperties) = preSolution
		HideSolutionNode = FALSE
	EndGlobalSection
EndGlobal
